# This file was autogenerated by Stack.
# You should not edit this file by hand.
# For more information, please see the documentation at:
#   https://docs.haskellstack.org/en/stable/lock_files

packages:
- completed:
    hackage: swagger2-2.4@sha256:f2007e72e5f4db2b8d418d7d39af18da9db9a7857799c22490b6dcb50116df25,4392
    pantry-tree:
      size: 2192
      sha256: cbdfdece4473d8eca60e222ca517c4c6d320f2bda6a26aa7fbce189768b276b8
  original:
    hackage: swagger2-2.4
snapshots:
- completed:
    size: 497510
    url: https://raw.githubusercontent.com/commercialhaskell/stackage-snapshots/master/lts/13/16.yaml
    sha256: 3e56dd069db766f8e4c0a61ba49611e549c8b7757369fe1a063d1c33548790ac
  original: lts-13.16
